
Microsoft Visual Studio Solution File, Format Version 12.00
# Visual Studio Version 17
VisualStudioVersion = 17.4.33122.133
MinimumVisualStudioVersion = 10.0.40219.1
Project("{FAE04EC0-301F-11D3-BF4B-00C04F79EFBC}") = "Core", "Core\Core.csproj", "{43601A24-22D6-4D93-9A74-216C00863C7A}"
EndProject
Project("{FAE04EC0-301F-11D3-BF4B-00C04F79EFBC}") = "Services", "Services\Services.csproj", "{678DAD0C-7637-47AC-9983-24B02FE958BC}"
EndProject
Project("{FAE04EC0-301F-11D3-BF4B-00C04F79EFBC}") = "Repositories", "Repositories\Repositories.csproj", "{C8957D10-9B5E-44CF-8614-47ACA67F3724}"
EndProject
Project("{FAE04EC0-301F-11D3-BF4B-00C04F79EFBC}") = "Data", "Data\Data.csproj", "{F07785CF-3A4A-4BEB-AB46-ABA6BCEB9463}"
EndProject
Global
	GlobalSection(SolutionConfigurationPlatforms) = preSolution
		Debug|Any CPU = Debug|Any CPU
		Release|Any CPU = Release|Any CPU
	EndGlobalSection
	GlobalSection(ProjectConfigurationPlatforms) = postSolution
		{43601A24-22D6-4D93-9A74-216C00863C7A}.Debug|Any CPU.ActiveCfg = Debug|Any CPU
		{43601A24-22D6-4D93-9A74-216C00863C7A}.Debug|Any CPU.Build.0 = Debug|Any CPU
		{43601A24-22D6-4D93-9A74-216C00863C7A}.Release|Any CPU.ActiveCfg = Release|Any CPU
		{43601A24-22D6-4D93-9A74-216C00863C7A}.Release|Any CPU.Build.0 = Release|Any CPU
		{678DAD0C-7637-47AC-9983-24B02FE958BC}.Debug|Any CPU.ActiveCfg = Debug|Any CPU
		{678DAD0C-7637-47AC-9983-24B02FE958BC}.Debug|Any CPU.Build.0 = Debug|Any CPU
		{678DAD0C-7637-47AC-9983-24B02FE958BC}.Release|Any CPU.ActiveCfg = Release|Any CPU
		{678DAD0C-7637-47AC-9983-24B02FE958BC}.Release|Any CPU.Build.0 = Release|Any CPU
		{C8957D10-9B5E-44CF-8614-47ACA67F3724}.Debug|Any CPU.ActiveCfg = Debug|Any CPU
		{C8957D10-9B5E-44CF-8614-47ACA67F3724}.Debug|Any CPU.Build.0 = Debug|Any CPU
		{C8957D10-9B5E-44CF-8614-47ACA67F3724}.Release|Any CPU.ActiveCfg = Release|Any CPU
		{C8957D10-9B5E-44CF-8614-47ACA67F3724}.Release|Any CPU.Build.0 = Release|Any CPU
		{F07785CF-3A4A-4BEB-AB46-ABA6BCEB9463}.Debug|Any CPU.ActiveCfg = Debug|Any CPU
		{F07785CF-3A4A-4BEB-AB46-ABA6BCEB9463}.Debug|Any CPU.Build.0 = Debug|Any CPU
		{F07785CF-3A4A-4BEB-AB46-ABA6BCEB9463}.Release|Any CPU.ActiveCfg = Release|Any CPU
		{F07785CF-3A4A-4BEB-AB46-ABA6BCEB9463}.Release|Any CPU.Build.0 = Release|Any CPU
	EndGlobalSection
	GlobalSection(SolutionProperties) = preSolution
		HideSolutionNode = FALSE
	EndGlobalSection
	GlobalSection(ExtensibilityGlobals) = postSolution
		SolutionGuid = {6A84E67C-3692-4672-9D10-FEBC480739D5}
	EndGlobalSection
EndGlobal
